
Microsoft Visual Studio Solution File, Format Version 12.00
# Visual Studio Version 17
VisualStudioVersion = 17.6.33829.357
MinimumVisualStudioVersion = 10.0.40219.1
Project("{9A19103F-16F7-4668-BE54-9A1E7A4F7556}") = "OOP.AddAClass", "OOP.AddAClass\OOP.AddAClass.csproj", "{B784EDBA-EFD5-4642-837C-2D7BAE2ACE49}"
EndProject
Project("{9A19103F-16F7-4668-BE54-9A1E7A4F7556}") = "OOP.Inheritance", "OOP.Inheritance\OOP.Inheritance.csproj", "{D08CDE94-6536-4A89-A0D9-A6262BA299F1}"
EndProject
Project("{9A19103F-16F7-4668-BE54-9A1E7A4F7556}") = "OOP.AbstractClassesAndMethods", "OOP.AbstractClassesAndMethods\OOP.AbstractClassesAndMethods.csproj", "{FBFE29AE-CDFB-470B-8F91-D5EBDB5B3EC3}"
EndProject
Project("{9A19103F-16F7-4668-BE54-9A1E7A4F7556}") = "Interfaces", "Interfaces\Interfaces.csproj", "{10B33B07-768F-4786-A229-9F8C076CA0E5}"
EndProject
Project("{FAE04EC0-301F-11D3-BF4B-00C04F79EFBC}") = "OOP.Interfaces.IFormattable", "OOP.Interfaces.IFormattable\OOP.Interfaces.IFormattable.csproj", "{049B2683-143E-45B4-987B-EB660E2F6796}"
EndProject
Project("{FAE04EC0-301F-11D3-BF4B-00C04F79EFBC}") = "OOP.Interfaces.ICloneableApp", "OOP.Interfaces.ICloneableApp\OOP.Interfaces.ICloneableApp.csproj", "{62334356-7E59-4CFD-ABCE-F3645264DCA2}"
EndProject
Global
	GlobalSection(SolutionConfigurationPlatforms) = preSolution
		Debug|Any CPU = Debug|Any CPU
		Release|Any CPU = Release|Any CPU
	EndGlobalSection
	GlobalSection(ProjectConfigurationPlatforms) = postSolution
		{B784EDBA-EFD5-4642-837C-2D7BAE2ACE49}.Debug|Any CPU.ActiveCfg = Debug|Any CPU
		{B784EDBA-EFD5-4642-837C-2D7BAE2ACE49}.Debug|Any CPU.Build.0 = Debug|Any CPU
		{B784EDBA-EFD5-4642-837C-2D7BAE2ACE49}.Release|Any CPU.ActiveCfg = Release|Any CPU
		{B784EDBA-EFD5-4642-837C-2D7BAE2ACE49}.Release|Any CPU.Build.0 = Release|Any CPU
		{D08CDE94-6536-4A89-A0D9-A6262BA299F1}.Debug|Any CPU.ActiveCfg = Debug|Any CPU
		{D08CDE94-6536-4A89-A0D9-A6262BA299F1}.Debug|Any CPU.Build.0 = Debug|Any CPU
		{D08CDE94-6536-4A89-A0D9-A6262BA299F1}.Release|Any CPU.ActiveCfg = Release|Any CPU
		{D08CDE94-6536-4A89-A0D9-A6262BA299F1}.Release|Any CPU.Build.0 = Release|Any CPU
		{FBFE29AE-CDFB-470B-8F91-D5EBDB5B3EC3}.Debug|Any CPU.ActiveCfg = Debug|Any CPU
		{FBFE29AE-CDFB-470B-8F91-D5EBDB5B3EC3}.Debug|Any CPU.Build.0 = Debug|Any CPU
		{FBFE29AE-CDFB-470B-8F91-D5EBDB5B3EC3}.Release|Any CPU.ActiveCfg = Release|Any CPU
		{FBFE29AE-CDFB-470B-8F91-D5EBDB5B3EC3}.Release|Any CPU.Build.0 = Release|Any CPU
		{10B33B07-768F-4786-A229-9F8C076CA0E5}.Debug|Any CPU.ActiveCfg = Debug|Any CPU
		{10B33B07-768F-4786-A229-9F8C076CA0E5}.Debug|Any CPU.Build.0 = Debug|Any CPU
		{10B33B07-768F-4786-A229-9F8C076CA0E5}.Release|Any CPU.ActiveCfg = Release|Any CPU
		{10B33B07-768F-4786-A229-9F8C076CA0E5}.Release|Any CPU.Build.0 = Release|Any CPU
		{049B2683-143E-45B4-987B-EB660E2F6796}.Debug|Any CPU.ActiveCfg = Debug|Any CPU
		{049B2683-143E-45B4-987B-EB660E2F6796}.Debug|Any CPU.Build.0 = Debug|Any CPU
		{049B2683-143E-45B4-987B-EB660E2F6796}.Release|Any CPU.ActiveCfg = Release|Any CPU
		{049B2683-143E-45B4-987B-EB660E2F6796}.Release|Any CPU.Build.0 = Release|Any CPU
		{62334356-7E59-4CFD-ABCE-F3645264DCA2}.Debug|Any CPU.ActiveCfg = Debug|Any CPU
		{62334356-7E59-4CFD-ABCE-F3645264DCA2}.Debug|Any CPU.Build.0 = Debug|Any CPU
		{62334356-7E59-4CFD-ABCE-F3645264DCA2}.Release|Any CPU.ActiveCfg = Release|Any CPU
		{62334356-7E59-4CFD-ABCE-F3645264DCA2}.Release|Any CPU.Build.0 = Release|Any CPU
	EndGlobalSection
	GlobalSection(SolutionProperties) = preSolution
		HideSolutionNode = FALSE
	EndGlobalSection
	GlobalSection(ExtensibilityGlobals) = postSolution
		SolutionGuid = {A4C35073-CAA8-4001-B546-B36F013628E3}
	EndGlobalSection
EndGlobal
