
Microsoft Visual Studio Solution File, Format Version 12.00
# Visual Studio Version 17
VisualStudioVersion = 17.6.33829.357
MinimumVisualStudioVersion = 10.0.40219.1
Project("{9A19103F-16F7-4668-BE54-9A1E7A4F7556}") = "OOP.AddAClass", "OOP.AddAClass\OOP.AddAClass.csproj", "{B784EDBA-EFD5-4642-837C-2D7BAE2ACE49}"
EndProject
Project("{FAE04EC0-301F-11D3-BF4B-00C04F79EFBC}") = "OOP.Inheritance", "OOP.Inheritance\OOP.Inheritance.csproj", "{D08CDE94-6536-4A89-A0D9-A6262BA299F1}"
EndProject
Global
	GlobalSection(SolutionConfigurationPlatforms) = preSolution
		Debug|Any CPU = Debug|Any CPU
		Release|Any CPU = Release|Any CPU
	EndGlobalSection
	GlobalSection(ProjectConfigurationPlatforms) = postSolution
		{B784EDBA-EFD5-4642-837C-2D7BAE2ACE49}.Debug|Any CPU.ActiveCfg = Debug|Any CPU
		{B784EDBA-EFD5-4642-837C-2D7BAE2ACE49}.Debug|Any CPU.Build.0 = Debug|Any CPU
		{B784EDBA-EFD5-4642-837C-2D7BAE2ACE49}.Release|Any CPU.ActiveCfg = Release|Any CPU
		{B784EDBA-EFD5-4642-837C-2D7BAE2ACE49}.Release|Any CPU.Build.0 = Release|Any CPU
		{D08CDE94-6536-4A89-A0D9-A6262BA299F1}.Debug|Any CPU.ActiveCfg = Debug|Any CPU
		{D08CDE94-6536-4A89-A0D9-A6262BA299F1}.Debug|Any CPU.Build.0 = Debug|Any CPU
		{D08CDE94-6536-4A89-A0D9-A6262BA299F1}.Release|Any CPU.ActiveCfg = Release|Any CPU
		{D08CDE94-6536-4A89-A0D9-A6262BA299F1}.Release|Any CPU.Build.0 = Release|Any CPU
	EndGlobalSection
	GlobalSection(SolutionProperties) = preSolution
		HideSolutionNode = FALSE
	EndGlobalSection
	GlobalSection(ExtensibilityGlobals) = postSolution
		SolutionGuid = {A4C35073-CAA8-4001-B546-B36F013628E3}
	EndGlobalSection
EndGlobal
